
Microsoft Visual Studio Solution File, Format Version 12.00
# Visual Studio Version 16
VisualStudioVersion = 16.0.33927.289
MinimumVisualStudioVersion = 10.0.40219.1
Project("{FAE04EC0-301F-11D3-BF4B-00C04F79EFBC}") = "TareaEncapsulamiento", "TareaEncapsulamiento\TareaEncapsulamiento.csproj", "{E700BB45-B131-4AAD-874C-B77CF84EA8FA}"
EndProject
Global
	GlobalSection(SolutionConfigurationPlatforms) = preSolution
		Debug|Any CPU = Debug|Any CPU
		Release|Any CPU = Release|Any CPU
	EndGlobalSection
	GlobalSection(ProjectConfigurationPlatforms) = postSolution
		{E700BB45-B131-4AAD-874C-B77CF84EA8FA}.Debug|Any CPU.ActiveCfg = Debug|Any CPU
		{E700BB45-B131-4AAD-874C-B77CF84EA8FA}.Debug|Any CPU.Build.0 = Debug|Any CPU
		{E700BB45-B131-4AAD-874C-B77CF84EA8FA}.Release|Any CPU.ActiveCfg = Release|Any CPU
		{E700BB45-B131-4AAD-874C-B77CF84EA8FA}.Release|Any CPU.Build.0 = Release|Any CPU
	EndGlobalSection
	GlobalSection(SolutionProperties) = preSolution
		HideSolutionNode = FALSE
	EndGlobalSection
	GlobalSection(ExtensibilityGlobals) = postSolution
		SolutionGuid = {E8093DEC-7CAF-41DC-B7CD-8FFA14C648C6}
	EndGlobalSection
EndGlobal
