
Microsoft Visual Studio Solution File, Format Version 12.00
# Visual Studio Version 16
VisualStudioVersion = 16.0.33927.289
MinimumVisualStudioVersion = 10.0.40219.1
Project("{FAE04EC0-301F-11D3-BF4B-00C04F79EFBC}") = "ArreglosPractica080923", "ArreglosPractica080923\ArreglosPractica080923.csproj", "{FC2FE6F5-A875-4021-89BC-392223E5E9AD}"
EndProject
Project("{FAE04EC0-301F-11D3-BF4B-00C04F79EFBC}") = "ArreglodeNombres", "ArreglosPractica080923\ArreglodeNombres\ArreglodeNombres.csproj", "{144D9FE0-A230-442D-B13C-7DF718B44142}"
EndProject
Global
	GlobalSection(SolutionConfigurationPlatforms) = preSolution
		Debug|Any CPU = Debug|Any CPU
		Release|Any CPU = Release|Any CPU
	EndGlobalSection
	GlobalSection(ProjectConfigurationPlatforms) = postSolution
		{FC2FE6F5-A875-4021-89BC-392223E5E9AD}.Debug|Any CPU.ActiveCfg = Debug|Any CPU
		{FC2FE6F5-A875-4021-89BC-392223E5E9AD}.Debug|Any CPU.Build.0 = Debug|Any CPU
		{FC2FE6F5-A875-4021-89BC-392223E5E9AD}.Release|Any CPU.ActiveCfg = Release|Any CPU
		{FC2FE6F5-A875-4021-89BC-392223E5E9AD}.Release|Any CPU.Build.0 = Release|Any CPU
		{144D9FE0-A230-442D-B13C-7DF718B44142}.Debug|Any CPU.ActiveCfg = Debug|Any CPU
		{144D9FE0-A230-442D-B13C-7DF718B44142}.Debug|Any CPU.Build.0 = Debug|Any CPU
		{144D9FE0-A230-442D-B13C-7DF718B44142}.Release|Any CPU.ActiveCfg = Release|Any CPU
		{144D9FE0-A230-442D-B13C-7DF718B44142}.Release|Any CPU.Build.0 = Release|Any CPU
	EndGlobalSection
	GlobalSection(SolutionProperties) = preSolution
		HideSolutionNode = FALSE
	EndGlobalSection
	GlobalSection(ExtensibilityGlobals) = postSolution
		SolutionGuid = {4691CCB0-0D9A-4601-9969-98D3DC39CA8F}
	EndGlobalSection
EndGlobal
